
Microsoft Visual Studio Solution File, Format Version 12.00
# Visual Studio 15
VisualStudioVersion = 15.0.28307.421
MinimumVisualStudioVersion = 10.0.40219.1
Project("{FAE04EC0-301F-11D3-BF4B-00C04F79EFBC}") = "MyFirstApp", "MyFirstApp\MyFirstApp.csproj", "{1E336373-3331-45B9-9C3D-5E6BE6B2D6C1}"
EndProject
Global
	GlobalSection(SolutionConfigurationPlatforms) = preSolution
		Debug|Any CPU = Debug|Any CPU
		Release|Any CPU = Release|Any CPU
	EndGlobalSection
	GlobalSection(ProjectConfigurationPlatforms) = postSolution
		{1E336373-3331-45B9-9C3D-5E6BE6B2D6C1}.Debug|Any CPU.ActiveCfg = Debug|Any CPU
		{1E336373-3331-45B9-9C3D-5E6BE6B2D6C1}.Debug|Any CPU.Build.0 = Debug|Any CPU
		{1E336373-3331-45B9-9C3D-5E6BE6B2D6C1}.Release|Any CPU.ActiveCfg = Release|Any CPU
		{1E336373-3331-45B9-9C3D-5E6BE6B2D6C1}.Release|Any CPU.Build.0 = Release|Any CPU
	EndGlobalSection
	GlobalSection(SolutionProperties) = preSolution
		HideSolutionNode = FALSE
	EndGlobalSection
	GlobalSection(ExtensibilityGlobals) = postSolution
		SolutionGuid = {D9563BFC-5757-4A43-ADE8-503411CBDE8B}
	EndGlobalSection
EndGlobal
