
Microsoft Visual Studio Solution File, Format Version 12.00
# Visual Studio 15
VisualStudioVersion = 15.0.28307.421
MinimumVisualStudioVersion = 10.0.40219.1
Project("{FAE04EC0-301F-11D3-BF4B-00C04F79EFBC}") = "tipuskonverzio", "tipuskonverzio\tipuskonverzio.csproj", "{478BCDA3-A65F-42E3-9564-08C16C96E9BC}"
EndProject
Global
	GlobalSection(SolutionConfigurationPlatforms) = preSolution
		Debug|Any CPU = Debug|Any CPU
		Release|Any CPU = Release|Any CPU
	EndGlobalSection
	GlobalSection(ProjectConfigurationPlatforms) = postSolution
		{478BCDA3-A65F-42E3-9564-08C16C96E9BC}.Debug|Any CPU.ActiveCfg = Debug|Any CPU
		{478BCDA3-A65F-42E3-9564-08C16C96E9BC}.Debug|Any CPU.Build.0 = Debug|Any CPU
		{478BCDA3-A65F-42E3-9564-08C16C96E9BC}.Release|Any CPU.ActiveCfg = Release|Any CPU
		{478BCDA3-A65F-42E3-9564-08C16C96E9BC}.Release|Any CPU.Build.0 = Release|Any CPU
	EndGlobalSection
	GlobalSection(SolutionProperties) = preSolution
		HideSolutionNode = FALSE
	EndGlobalSection
	GlobalSection(ExtensibilityGlobals) = postSolution
		SolutionGuid = {3CA89B4F-2B3D-4FF3-A988-F411EBF48DF1}
	EndGlobalSection
EndGlobal
